// !$*UTF8*$!
{
	archiveVersion = 1;
	classes = {
	};
	objectVersion = 48;
	objects = {

/* Begin PBXBuildFile section */
		3A19F3921F8762F900414C9D /* AppDelegate.m in Sources */ = {isa = PBXBuildFile; fileRef = 3A19F3911F8762F900414C9D /* AppDelegate.m */; };
		3A19F3951F8762F900414C9D /* ViewController.m in Sources */ = {isa = PBXBuildFile; fileRef = 3A19F3941F8762F900414C9D /* ViewController.m */; };
		3A19F3981F8762F900414C9D /* Main.storyboard in Resources */ = {isa = PBXBuildFile; fileRef = 3A19F3961F8762F900414C9D /* Main.storyboard */; };
		3A19F39A1F8762F900414C9D /* Assets.xcassets in Resources */ = {isa = PBXBuildFile; fileRef = 3A19F3991F8762F900414C9D /* Assets.xcassets */; };
		3A19F39D1F8762F900414C9D /* LaunchScreen.storyboard in Resources */ = {isa = PBXBuildFile; fileRef = 3A19F39B1F8762F900414C9D /* LaunchScreen.storyboard */; };
		3A19F3A01F8762F900414C9D /* main.m in Sources */ = {isa = PBXBuildFile; fileRef = 3A19F39F1F8762F900414C9D /* main.m */; };
		3A19F3A81F889D0400414C9D /* LIstenSocketViewController.m in Sources */ = {isa = PBXBuildFile; fileRef = 3A19F3A71F889D0400414C9D /* LIstenSocketViewController.m */; };
		8D09B3DC12B91102B33BE5CC /* libPods-Study-Socket.a in Frameworks */ = {isa = PBXBuildFile; fileRef = 45539F9030C9C7CD7182521C /* libPods-Study-Socket.a */; };
/* End PBXBuildFile section */

/* Begin PBXFileReference section */
		15805365A47226FBF8B53A42 /* Pods-Study-Socket.debug.xcconfig */ = {isa = PBXFileReference; includeInIndex = 1; lastKnownFileType = text.xcconfig; name = "Pods-Study-Socket.debug.xcconfig"; path = "Pods/Target Support Files/Pods-Study-Socket/Pods-Study-Socket.debug.xcconfig"; sourceTree = "<group>"; };
		3A19F38D1F8762F900414C9D /* Study-Socket.app */ = {isa = PBXFileReference; explicitFileType = wrapper.application; includeInIndex = 0; path = "Study-Socket.app"; sourceTree = BUILT_PRODUCTS_DIR; };
		3A19F3901F8762F900414C9D /* AppDelegate.h */ = {isa = PBXFileReference; lastKnownFileType = sourcecode.c.h; path = AppDelegate.h; sourceTree = "<group>"; };
		3A19F3911F8762F900414C9D /* AppDelegate.m */ = {isa = PBXFileReference; lastKnownFileType = sourcecode.c.objc; path = AppDelegate.m; sourceTree = "<group>"; };
		3A19F3931F8762F900414C9D /* ViewController.h */ = {isa = PBXFileReference; lastKnownFileType = sourcecode.c.h; path = ViewController.h; sourceTree = "<group>"; };
		3A19F3941F8762F900414C9D /* ViewController.m */ = {isa = PBXFileReference; lastKnownFileType = sourcecode.c.objc; path = ViewController.m; sourceTree = "<group>"; };
		3A19F3971F8762F900414C9D /* Base */ = {isa = PBXFileReference; lastKnownFileType = file.storyboard; name = Base; path = Base.lproj/Main.storyboard; sourceTree = "<group>"; };
		3A19F3991F8762F900414C9D /* Assets.xcassets */ = {isa = PBXFileReference; lastKnownFileType = folder.assetcatalog; path = Assets.xcassets; sourceTree = "<group>"; };
		3A19F39C1F8762F900414C9D /* Base */ = {isa = PBXFileReference; lastKnownFileType = file.storyboard; name = Base; path = Base.lproj/LaunchScreen.storyboard; sourceTree = "<group>"; };
		3A19F39E1F8762F900414C9D /* Info.plist */ = {isa = PBXFileReference; lastKnownFileType = text.plist.xml; path = Info.plist; sourceTree = "<group>"; };
		3A19F39F1F8762F900414C9D /* main.m */ = {isa = PBXFileReference; lastKnownFileType = sourcecode.c.objc; path = main.m; sourceTree = "<group>"; };
		3A19F3A61F889D0400414C9D /* LIstenSocketViewController.h */ = {isa = PBXFileReference; lastKnownFileType = sourcecode.c.h; path = LIstenSocketViewController.h; sourceTree = "<group>"; };
		3A19F3A71F889D0400414C9D /* LIstenSocketViewController.m */ = {isa = PBXFileReference; lastKnownFileType = sourcecode.c.objc; path = LIstenSocketViewController.m; sourceTree = "<group>"; };
		45539F9030C9C7CD7182521C /* libPods-Study-Socket.a */ = {isa = PBXFileReference; explicitFileType = archive.ar; includeInIndex = 0; path = "libPods-Study-Socket.a"; sourceTree = BUILT_PRODUCTS_DIR; };
		6FDF71FECD89B126202ECCD6 /* Pods-Study-Socket.release.xcconfig */ = {isa = PBXFileReference; includeInIndex = 1; lastKnownFileType = text.xcconfig; name = "Pods-Study-Socket.release.xcconfig"; path = "Pods/Target Support Files/Pods-Study-Socket/Pods-Study-Socket.release.xcconfig"; sourceTree = "<group>"; };
/* End PBXFileReference section */

/* Begin PBXFrameworksBuildPhase section */
		3A19F38A1F8762F900414C9D /* Frameworks */ = {
			isa = PBXFrameworksBuildPhase;
			buildActionMask = 2147483647;
			files = (
				8D09B3DC12B91102B33BE5CC /* libPods-Study-Socket.a in Frameworks */,
			);
			runOnlyForDeploymentPostprocessing = 0;
		};
/* End PBXFrameworksBuildPhase section */

/* Begin PBXGroup section */
		01EFA868B0FBCE9CD87EF380 /* Pods */ = {
			isa = PBXGroup;
			children = (
				15805365A47226FBF8B53A42 /* Pods-Study-Socket.debug.xcconfig */,
				6FDF71FECD89B126202ECCD6 /* Pods-Study-Socket.release.xcconfig */,
			);
			name = Pods;
			sourceTree = "<group>";
		};
		0416C4D8C0075D56377353C3 /* Frameworks */ = {
			isa = PBXGroup;
			children = (
				45539F9030C9C7CD7182521C /* libPods-Study-Socket.a */,
			);
			name = Frameworks;
			sourceTree = "<group>";
		};
		3A19F3841F8762F800414C9D = {
			isa = PBXGroup;
			children = (
				3A19F38F1F8762F900414C9D /* Study-Socket */,
				3A19F38E1F8762F900414C9D /* Products */,
				01EFA868B0FBCE9CD87EF380 /* Pods */,
				0416C4D8C0075D56377353C3 /* Frameworks */,
			);
			sourceTree = "<group>";
		};
		3A19F38E1F8762F900414C9D /* Products */ = {
			isa = PBXGroup;
			children = (
				3A19F38D1F8762F900414C9D /* Study-Socket.app */,
			);
			name = Products;
			sourceTree = "<group>";
		};
		3A19F38F1F8762F900414C9D /* Study-Socket */ = {
			isa = PBXGroup;
			children = (
				3A19F3901F8762F900414C9D /* AppDelegate.h */,
				3A19F3911F8762F900414C9D /* AppDelegate.m */,
				3A19F3931F8762F900414C9D /* ViewController.h */,
				3A19F3941F8762F900414C9D /* ViewController.m */,
				3A19F3A61F889D0400414C9D /* LIstenSocketViewController.h */,
				3A19F3A71F889D0400414C9D /* LIstenSocketViewController.m */,
				3A19F3961F8762F900414C9D /* Main.storyboard */,
				3A19F3991F8762F900414C9D /* Assets.xcassets */,
				3A19F39B1F8762F900414C9D /* LaunchScreen.storyboard */,
				3A19F39E1F8762F900414C9D /* Info.plist */,
				3A19F39F1F8762F900414C9D /* main.m */,
			);
			path = "Study-Socket";
			sourceTree = "<group>";
		};
/* End PBXGroup section */

/* Begin PBXNativeTarget section */
		3A19F38C1F8762F900414C9D /* Study-Socket */ = {
			isa = PBXNativeTarget;
			buildConfigurationList = 3A19F3A31F8762F900414C9D /* Build configuration list for PBXNativeTarget "Study-Socket" */;
			buildPhases = (
				A8DA833B7399631EB9171C58 /* [CP] Check Pods Manifest.lock */,
				3A19F3891F8762F900414C9D /* Sources */,
				3A19F38A1F8762F900414C9D /* Frameworks */,
				3A19F38B1F8762F900414C9D /* Resources */,
				C1824E1B7E828F69B3D90E9B /* [CP] Embed Pods Frameworks */,
				282926261BEB7AC750EE1330 /* [CP] Copy Pods Resources */,
			);
			buildRules = (
			);
			dependencies = (
			);
			name = "Study-Socket";
			productName = "Study-Socket";
			productReference = 3A19F38D1F8762F900414C9D /* Study-Socket.app */;
			productType = "com.apple.product-type.application";
		};
/* End PBXNativeTarget section */

/* Begin PBXProject section */
		3A19F3851F8762F800414C9D /* Project object */ = {
			isa = PBXProject;
			attributes = {
				LastUpgradeCheck = 0900;
				ORGANIZATIONNAME = daybysay;
				TargetAttributes = {
					3A19F38C1F8762F900414C9D = {
						CreatedOnToolsVersion = 9.0;
						ProvisioningStyle = Automatic;
					};
				};
			};
			buildConfigurationList = 3A19F3881F8762F800414C9D /* Build configuration list for PBXProject "Study-Socket" */;
			compatibilityVersion = "Xcode 8.0";
			developmentRegion = en;
			hasScannedForEncodings = 0;
			knownRegions = (
				en,
				Base,
			);
			mainGroup = 3A19F3841F8762F800414C9D;
			productRefGroup = 3A19F38E1F8762F900414C9D /* Products */;
			projectDirPath = "";
			projectRoot = "";
			targets = (
				3A19F38C1F8762F900414C9D /* Study-Socket */,
			);
		};
/* End PBXProject section */

/* Begin PBXResourcesBuildPhase section */
		3A19F38B1F8762F900414C9D /* Resources */ = {
			isa = PBXResourcesBuildPhase;
			buildActionMask = 2147483647;
			files = (
				3A19F39D1F8762F900414C9D /* LaunchScreen.storyboard in Resources */,
				3A19F39A1F8762F900414C9D /* Assets.xcassets in Resources */,
				3A19F3981F8762F900414C9D /* Main.storyboard in Resources */,
			);
			runOnlyForDeploymentPostprocessing = 0;
		};
/* End PBXResourcesBuildPhase section */

/* Begin PBXShellScriptBuildPhase section */
		282926261BEB7AC750EE1330 /* [CP] Copy Pods Resources */ = {
			isa = PBXShellScriptBuildPhase;
			buildActionMask = 2147483647;
			files = (
			);
			inputPaths = (
			);
			name = "[CP] Copy Pods Resources";
			outputPaths = (
			);
			runOnlyForDeploymentPostprocessing = 0;
			shellPath = /bin/sh;
			shellScript = "\"${SRCROOT}/Pods/Target Support Files/Pods-Study-Socket/Pods-Study-Socket-resources.sh\"\n";
			showEnvVarsInLog = 0;
		};
		A8DA833B7399631EB9171C58 /* [CP] Check Pods Manifest.lock */ = {
			isa = PBXShellScriptBuildPhase;
			buildActionMask = 2147483647;
			files = (
			);
			inputPaths = (
				"${PODS_PODFILE_DIR_PATH}/Podfile.lock",
				"${PODS_ROOT}/Manifest.lock",
			);
			name = "[CP] Check Pods Manifest.lock";
			outputPaths = (
				"$(DERIVED_FILE_DIR)/Pods-Study-Socket-checkManifestLockResult.txt",
			);
			runOnlyForDeploymentPostprocessing = 0;
			shellPath = /bin/sh;
			shellScript = "diff \"${PODS_PODFILE_DIR_PATH}/Podfile.lock\" \"${PODS_ROOT}/Manifest.lock\" > /dev/null\nif [ $? != 0 ] ; then\n    # print error to STDERR\n    echo \"error: The sandbox is not in sync with the Podfile.lock. Run 'pod install' or update your CocoaPods installation.\" >&2\n    exit 1\nfi\n# This output is used by Xcode 'outputs' to avoid re-running this script phase.\necho \"SUCCESS\" > \"${SCRIPT_OUTPUT_FILE_0}\"\n";
			showEnvVarsInLog = 0;
		};
		C1824E1B7E828F69B3D90E9B /* [CP] Embed Pods Frameworks */ = {
			isa = PBXShellScriptBuildPhase;
			buildActionMask = 2147483647;
			files = (
			);
			inputPaths = (
			);
			name = "[CP] Embed Pods Frameworks";
			outputPaths = (
			);
			runOnlyForDeploymentPostprocessing = 0;
			shellPath = /bin/sh;
			shellScript = "\"${SRCROOT}/Pods/Target Support Files/Pods-Study-Socket/Pods-Study-Socket-frameworks.sh\"\n";
			showEnvVarsInLog = 0;
		};
/* End PBXShellScriptBuildPhase section */

/* Begin PBXSourcesBuildPhase section */
		3A19F3891F8762F900414C9D /* Sources */ = {
			isa = PBXSourcesBuildPhase;
			buildActionMask = 2147483647;
			files = (
				3A19F3951F8762F900414C9D /* ViewController.m in Sources */,
				3A19F3A01F8762F900414C9D /* main.m in Sources */,
				3A19F3A81F889D0400414C9D /* LIstenSocketViewController.m in Sources */,
				3A19F3921F8762F900414C9D /* AppDelegate.m in Sources */,
			);
			runOnlyForDeploymentPostprocessing = 0;
		};
/* End PBXSourcesBuildPhase section */

/* Begin PBXVariantGroup section */
		3A19F3961F8762F900414C9D /* Main.storyboard */ = {
			isa = PBXVariantGroup;
			children = (
				3A19F3971F8762F900414C9D /* Base */,
			);
			name = Main.storyboard;
			sourceTree = "<group>";
		};
		3A19F39B1F8762F900414C9D /* LaunchScreen.storyboard */ = {
			isa = PBXVariantGroup;
			children = (
				3A19F39C1F8762F900414C9D /* Base */,
			);
			name = LaunchScreen.storyboard;
			sourceTree = "<group>";
		};
/* End PBXVariantGroup section */

/* Begin XCBuildConfiguration section */
		3A19F3A11F8762F900414C9D /* Debug */ = {
			isa = XCBuildConfiguration;
			buildSettings = {
				ALWAYS_SEARCH_USER_PATHS = NO;
				CLANG_ANALYZER_NONNULL = YES;
				CLANG_ANALYZER_NUMBER_OBJECT_CONVERSION = YES_AGGRESSIVE;
				CLANG_CXX_LANGUAGE_STANDARD = "gnu++14";
				CLANG_CXX_LIBRARY = "libc++";
				CLANG_ENABLE_MODULES = YES;
				CLANG_ENABLE_OBJC_ARC = YES;
				CLANG_WARN_BLOCK_CAPTURE_AUTORELEASING = YES;
				CLANG_WARN_BOOL_CONVERSION = YES;
				CLANG_WARN_COMMA = YES;
				CLANG_WARN_CONSTANT_CONVERSION = YES;
				CLANG_WARN_DIRECT_OBJC_ISA_USAGE = YES_ERROR;
				CLANG_WARN_DOCUMENTATION_COMMENTS = YES;
				CLANG_WARN_EMPTY_BODY = YES;
				CLANG_WARN_ENUM_CONVERSION = YES;
				CLANG_WARN_INFINITE_RECURSION = YES;
				CLANG_WARN_INT_CONVERSION = YES;
				CLANG_WARN_NON_LITERAL_NULL_CONVERSION = YES;
				CLANG_WARN_OBJC_LITERAL_CONVERSION = YES;
				CLANG_WARN_OBJC_ROOT_CLASS = YES_ERROR;
				CLANG_WARN_RANGE_LOOP_ANALYSIS = YES;
				CLANG_WARN_STRICT_PROTOTYPES = YES;
				CLANG_WARN_SUSPICIOUS_MOVE = YES;
				CLANG_WARN_UNGUARDED_AVAILABILITY = YES_AGGRESSIVE;
				CLANG_WARN_UNREACHABLE_CODE = YES;
				CLANG_WARN__DUPLICATE_METHOD_MATCH = YES;
				CODE_SIGN_IDENTITY = "iPhone Developer";
				COPY_PHASE_STRIP = NO;
				DEBUG_INFORMATION_FORMAT = dwarf;
				ENABLE_STRICT_OBJC_MSGSEND = YES;
				ENABLE_TESTABILITY = YES;
				GCC_C_LANGUAGE_STANDARD = gnu11;
				GCC_DYNAMIC_NO_PIC = NO;
				GCC_NO_COMMON_BLOCKS = YES;
				GCC_OPTIMIZATION_LEVEL = 0;
				GCC_PREPROCESSOR_DEFINITIONS = (
					"DEBUG=1",
					"$(inherited)",
				);
				GCC_WARN_64_TO_32_BIT_CONVERSION = YES;
				GCC_WARN_ABOUT_RETURN_TYPE = YES_ERROR;
				GCC_WARN_UNDECLARED_SELECTOR = YES;
				GCC_WARN_UNINITIALIZED_AUTOS = YES_AGGRESSIVE;
				GCC_WARN_UNUSED_FUNCTION = YES;
				GCC_WARN_UNUSED_VARIABLE = YES;
				IPHONEOS_DEPLOYMENT_TARGET = 11.0;
				MTL_ENABLE_DEBUG_INFO = YES;
				ONLY_ACTIVE_ARCH = YES;
				SDKROOT = iphoneos;
			};
			name = Debug;
		};
		3A19F3A21F8762F900414C9D /* Release */ = {
			isa = XCBuildConfiguration;
			buildSettings = {
				ALWAYS_SEARCH_USER_PATHS = NO;
				CLANG_ANALYZER_NONNULL = YES;
				CLANG_ANALYZER_NUMBER_OBJECT_CONVERSION = YES_AGGRESSIVE;
				CLANG_CXX_LANGUAGE_STANDARD = "gnu++14";
				CLANG_CXX_LIBRARY = "libc++";
				CLANG_ENABLE_MODULES = YES;
				CLANG_ENABLE_OBJC_ARC = YES;
				CLANG_WARN_BLOCK_CAPTURE_AUTORELEASING = YES;
				CLANG_WARN_BOOL_CONVERSION = YES;
				CLANG_WARN_COMMA = YES;
				CLANG_WARN_CONSTANT_CONVERSION = YES;
				CLANG_WARN_DIRECT_OBJC_ISA_USAGE = YES_ERROR;
				CLANG_WARN_DOCUMENTATION_COMMENTS = YES;
				CLANG_WARN_EMPTY_BODY = YES;
				CLANG_WARN_ENUM_CONVERSION = YES;
				CLANG_WARN_INFINITE_RECURSION = YES;
				CLANG_WARN_INT_CONVERSION = YES;
				CLANG_WARN_NON_LITERAL_NULL_CONVERSION = YES;
				CLANG_WARN_OBJC_LITERAL_CONVERSION = YES;
				CLANG_WARN_OBJC_ROOT_CLASS = YES_ERROR;
				CLANG_WARN_RANGE_LOOP_ANALYSIS = YES;
				CLANG_WARN_STRICT_PROTOTYPES = YES;
				CLANG_WARN_SUSPICIOUS_MOVE = YES;
				CLANG_WARN_UNGUARDED_AVAILABILITY = YES_AGGRESSIVE;
				CLANG_WARN_UNREACHABLE_CODE = YES;
				CLANG_WARN__DUPLICATE_METHOD_MATCH = YES;
				CODE_SIGN_IDENTITY = "iPhone Developer";
				COPY_PHASE_STRIP = NO;
				DEBUG_INFORMATION_FORMAT = "dwarf-with-dsym";
				ENABLE_NS_ASSERTIONS = NO;
				ENABLE_STRICT_OBJC_MSGSEND = YES;
				GCC_C_LANGUAGE_STANDARD = gnu11;
				GCC_NO_COMMON_BLOCKS = YES;
				GCC_WARN_64_TO_32_BIT_CONVERSION = YES;
				GCC_WARN_ABOUT_RETURN_TYPE = YES_ERROR;
				GCC_WARN_UNDECLARED_SELECTOR = YES;
				GCC_WARN_UNINITIALIZED_AUTOS = YES_AGGRESSIVE;
				GCC_WARN_UNUSED_FUNCTION = YES;
				GCC_WARN_UNUSED_VARIABLE = YES;
				IPHONEOS_DEPLOYMENT_TARGET = 11.0;
				MTL_ENABLE_DEBUG_INFO = NO;
				SDKROOT = iphoneos;
				VALIDATE_PRODUCT = YES;
			};
			name = Release;
		};
		3A19F3A41F8762F900414C9D /* Debug */ = {
			isa = XCBuildConfiguration;
			baseConfigurationReference = 15805365A47226FBF8B53A42 /* Pods-Study-Socket.debug.xcconfig */;
			buildSettings = {
				ASSETCATALOG_COMPILER_APPICON_NAME = AppIcon;
				CODE_SIGN_STYLE = Automatic;
				DEVELOPMENT_TEAM = YT838T8CB7;
				INFOPLIST_FILE = "Study-Socket/Info.plist";
				LD_RUNPATH_SEARCH_PATHS = "$(inherited) @executable_path/Frameworks";
				PRODUCT_BUNDLE_IDENTIFIER = "com.daybysay.Study-Socket";
				PRODUCT_NAME = "$(TARGET_NAME)";
				TARGETED_DEVICE_FAMILY = "1,2";
			};
			name = Debug;
		};
		3A19F3A51F8762F900414C9D /* Release */ = {
			isa = XCBuildConfiguration;
			baseConfigurationReference = 6FDF71FECD89B126202ECCD6 /* Pods-Study-Socket.release.xcconfig */;
			buildSettings = {
				ASSETCATALOG_COMPILER_APPICON_NAME = AppIcon;
				CODE_SIGN_STYLE = Automatic;
				DEVELOPMENT_TEAM = YT838T8CB7;
				INFOPLIST_FILE = "Study-Socket/Info.plist";
				LD_RUNPATH_SEARCH_PATHS = "$(inherited) @executable_path/Frameworks";
				PRODUCT_BUNDLE_IDENTIFIER = "com.daybysay.Study-Socket";
				PRODUCT_NAME = "$(TARGET_NAME)";
				TARGETED_DEVICE_FAMILY = "1,2";
			};
			name = Release;
		};
/* End XCBuildConfiguration section */

/* Begin XCConfigurationList section */
		3A19F3881F8762F800414C9D /* Build configuration list for PBXProject "Study-Socket" */ = {
			isa = XCConfigurationList;
			buildConfigurations = (
				3A19F3A11F8762F900414C9D /* Debug */,
				3A19F3A21F8762F900414C9D /* Release */,
			);
			defaultConfigurationIsVisible = 0;
			defaultConfigurationName = Release;
		};
		3A19F3A31F8762F900414C9D /* Build configuration list for PBXNativeTarget "Study-Socket" */ = {
			isa = XCConfigurationList;
			buildConfigurations = (
				3A19F3A41F8762F900414C9D /* Debug */,
				3A19F3A51F8762F900414C9D /* Release */,
			);
			defaultConfigurationIsVisible = 0;
			defaultConfigurationName = Release;
		};
/* End XCConfigurationList section */
	};
	rootObject = 3A19F3851F8762F800414C9D /* Project object */;
}
